
Microsoft Visual Studio Solution File, Format Version 12.00
# Visual Studio Version 16
VisualStudioVersion = 16.0.29728.190
MinimumVisualStudioVersion = 10.0.40219.1
Project("{9A19103F-16F7-4668-BE54-9A1E7A4F7556}") = "Practice", "Practice\Practice.csproj", "{84221DBC-9A92-495A-A0C0-588971DC6DAE}"
EndProject
Global
	GlobalSection(SolutionConfigurationPlatforms) = preSolution
		Debug|Any CPU = Debug|Any CPU
		Release|Any CPU = Release|Any CPU
	EndGlobalSection
	GlobalSection(ProjectConfigurationPlatforms) = postSolution
		{84221DBC-9A92-495A-A0C0-588971DC6DAE}.Debug|Any CPU.ActiveCfg = Debug|Any CPU
		{84221DBC-9A92-495A-A0C0-588971DC6DAE}.Debug|Any CPU.Build.0 = Debug|Any CPU
		{84221DBC-9A92-495A-A0C0-588971DC6DAE}.Release|Any CPU.ActiveCfg = Release|Any CPU
		{84221DBC-9A92-495A-A0C0-588971DC6DAE}.Release|Any CPU.Build.0 = Release|Any CPU
	EndGlobalSection
	GlobalSection(SolutionProperties) = preSolution
		HideSolutionNode = FALSE
	EndGlobalSection
	GlobalSection(ExtensibilityGlobals) = postSolution
		SolutionGuid = {AAF58AE1-5F21-4689-9D9B-6092BC9A2F7F}
	EndGlobalSection
EndGlobal
